
Microsoft Visual Studio Solution File, Format Version 12.00
# Visual Studio 2013
VisualStudioVersion = 12.0.30110.0
MinimumVisualStudioVersion = 10.0.40219.1
Project("{2150E333-8FDC-42A3-9474-1A3956D46DE8}") = "Solution Items", "Solution Items", "{946EBB06-621E-45D1-A4AD-5C587323F88B}"
	ProjectSection(SolutionItems) = preProject
		ReadMe.txt = ReadMe.txt
	EndProjectSection
EndProject
Project("{FAE04EC0-301F-11D3-BF4B-00C04F79EFBC}") = "Plex.MobileHub.Manager", "Plex.MobileHub.Manager\Plex.MobileHub.Manager.csproj", "{C042C1A6-558E-494D-BE20-0077FCE12E5A}"
EndProject
Project("{FAE04EC0-301F-11D3-BF4B-00C04F79EFBC}") = "Plex.MobileHub.Devel", "Plex.MobileHub.Devel\Plex.MobileHub.Devel.csproj", "{6505678A-5FEB-4A8F-B527-5FEA7805C1EB}"
EndProject
Project("{FAE04EC0-301F-11D3-BF4B-00C04F79EFBC}") = "Plex.MobileHub.Client.Oracle", "Plex.MobileHub.Client.Oracle\Plex.MobileHub.Client.Oracle.csproj", "{4E7037DC-AC5F-45EC-83AF-D80FAC285CE6}"
EndProject
Project("{FAE04EC0-301F-11D3-BF4B-00C04F79EFBC}") = "Plex.MobileHub.Client", "Plex.MobileHub.Client\Plex.MobileHub.Client.csproj", "{D077995E-C183-409A-8EA3-EB67AF6368D8}"
EndProject
Project("{FAE04EC0-301F-11D3-BF4B-00C04F79EFBC}") = "Plex.MobileHub", "Plex.MobileHub\Plex.MobileHub.csproj", "{D107CC7F-D119-47E1-95CC-448267A0D3DA}"
EndProject
Project("{930C7802-8A8C-48F9-8165-68863BCCD9DD}") = "Plex.MobileHub.Client.Installer", "Plex.MobileHub.Client.Installer\Plex.MobileHub.Client.Installer.wixproj", "{F5BD177F-1709-4D05-A930-7508AB9FA7C9}"
EndProject
Project("{FAE04EC0-301F-11D3-BF4B-00C04F79EFBC}") = "Plex.MobileHub.Client.Oracle.U", "Plex.MobileHub.Client.Oracle.U\Plex.MobileHub.Client.Oracle.U.csproj", "{9F08030D-45C9-447A-97F6-F25E9CF3471C}"
EndProject
Project("{FAE04EC0-301F-11D3-BF4B-00C04F79EFBC}") = "Plex.MobileHub.Client.Interface", "Plex.MobileHub.Client.Interface\Plex.MobileHub.Client.Interface.csproj", "{73678087-A5B1-49F8-86F7-0367759D1DF3}"
EndProject
Project("{FAE04EC0-301F-11D3-BF4B-00C04F79EFBC}") = "Plex.MobileHub.Test", "Plex.MobileHub.Test\Plex.MobileHub.Test.csproj", "{7E0887EC-D2D7-4F0E-9EB1-D25542755470}"
EndProject
Global
	GlobalSection(SolutionConfigurationPlatforms) = preSolution
		Debug|Any CPU = Debug|Any CPU
		Debug|Mixed Platforms = Debug|Mixed Platforms
		Debug|x64 = Debug|x64
		Debug|x86 = Debug|x86
		Release|Any CPU = Release|Any CPU
		Release|Mixed Platforms = Release|Mixed Platforms
		Release|x64 = Release|x64
		Release|x86 = Release|x86
	EndGlobalSection
	GlobalSection(ProjectConfigurationPlatforms) = postSolution
		{C042C1A6-558E-494D-BE20-0077FCE12E5A}.Debug|Any CPU.ActiveCfg = Debug|Any CPU
		{C042C1A6-558E-494D-BE20-0077FCE12E5A}.Debug|Any CPU.Build.0 = Debug|Any CPU
		{C042C1A6-558E-494D-BE20-0077FCE12E5A}.Debug|Mixed Platforms.ActiveCfg = Debug|Any CPU
		{C042C1A6-558E-494D-BE20-0077FCE12E5A}.Debug|Mixed Platforms.Build.0 = Debug|Any CPU
		{C042C1A6-558E-494D-BE20-0077FCE12E5A}.Debug|x64.ActiveCfg = Debug|Any CPU
		{C042C1A6-558E-494D-BE20-0077FCE12E5A}.Debug|x86.ActiveCfg = Debug|Any CPU
		{C042C1A6-558E-494D-BE20-0077FCE12E5A}.Release|Any CPU.ActiveCfg = Release|Any CPU
		{C042C1A6-558E-494D-BE20-0077FCE12E5A}.Release|Any CPU.Build.0 = Release|Any CPU
		{C042C1A6-558E-494D-BE20-0077FCE12E5A}.Release|Mixed Platforms.ActiveCfg = Release|Any CPU
		{C042C1A6-558E-494D-BE20-0077FCE12E5A}.Release|Mixed Platforms.Build.0 = Release|Any CPU
		{C042C1A6-558E-494D-BE20-0077FCE12E5A}.Release|x64.ActiveCfg = Release|Any CPU
		{C042C1A6-558E-494D-BE20-0077FCE12E5A}.Release|x86.ActiveCfg = Release|Any CPU
		{6505678A-5FEB-4A8F-B527-5FEA7805C1EB}.Debug|Any CPU.ActiveCfg = Debug|Any CPU
		{6505678A-5FEB-4A8F-B527-5FEA7805C1EB}.Debug|Any CPU.Build.0 = Debug|Any CPU
		{6505678A-5FEB-4A8F-B527-5FEA7805C1EB}.Debug|Mixed Platforms.ActiveCfg = Debug|Any CPU
		{6505678A-5FEB-4A8F-B527-5FEA7805C1EB}.Debug|Mixed Platforms.Build.0 = Debug|Any CPU
		{6505678A-5FEB-4A8F-B527-5FEA7805C1EB}.Debug|x64.ActiveCfg = Debug|Any CPU
		{6505678A-5FEB-4A8F-B527-5FEA7805C1EB}.Debug|x86.ActiveCfg = Debug|Any CPU
		{6505678A-5FEB-4A8F-B527-5FEA7805C1EB}.Release|Any CPU.ActiveCfg = Release|Any CPU
		{6505678A-5FEB-4A8F-B527-5FEA7805C1EB}.Release|Any CPU.Build.0 = Release|Any CPU
		{6505678A-5FEB-4A8F-B527-5FEA7805C1EB}.Release|Mixed Platforms.ActiveCfg = Release|Any CPU
		{6505678A-5FEB-4A8F-B527-5FEA7805C1EB}.Release|Mixed Platforms.Build.0 = Release|Any CPU
		{6505678A-5FEB-4A8F-B527-5FEA7805C1EB}.Release|x64.ActiveCfg = Release|Any CPU
		{6505678A-5FEB-4A8F-B527-5FEA7805C1EB}.Release|x86.ActiveCfg = Release|Any CPU
		{4E7037DC-AC5F-45EC-83AF-D80FAC285CE6}.Debug|Any CPU.ActiveCfg = Debug|Any CPU
		{4E7037DC-AC5F-45EC-83AF-D80FAC285CE6}.Debug|Any CPU.Build.0 = Debug|Any CPU
		{4E7037DC-AC5F-45EC-83AF-D80FAC285CE6}.Debug|Mixed Platforms.ActiveCfg = Debug|Any CPU
		{4E7037DC-AC5F-45EC-83AF-D80FAC285CE6}.Debug|Mixed Platforms.Build.0 = Debug|Any CPU
		{4E7037DC-AC5F-45EC-83AF-D80FAC285CE6}.Debug|x64.ActiveCfg = Debug|Any CPU
		{4E7037DC-AC5F-45EC-83AF-D80FAC285CE6}.Debug|x86.ActiveCfg = Debug|Any CPU
		{4E7037DC-AC5F-45EC-83AF-D80FAC285CE6}.Release|Any CPU.ActiveCfg = Release|Any CPU
		{4E7037DC-AC5F-45EC-83AF-D80FAC285CE6}.Release|Any CPU.Build.0 = Release|Any CPU
		{4E7037DC-AC5F-45EC-83AF-D80FAC285CE6}.Release|Mixed Platforms.ActiveCfg = Release|Any CPU
		{4E7037DC-AC5F-45EC-83AF-D80FAC285CE6}.Release|Mixed Platforms.Build.0 = Release|Any CPU
		{4E7037DC-AC5F-45EC-83AF-D80FAC285CE6}.Release|x64.ActiveCfg = Release|Any CPU
		{4E7037DC-AC5F-45EC-83AF-D80FAC285CE6}.Release|x86.ActiveCfg = Release|Any CPU
		{D077995E-C183-409A-8EA3-EB67AF6368D8}.Debug|Any CPU.ActiveCfg = Debug|Any CPU
		{D077995E-C183-409A-8EA3-EB67AF6368D8}.Debug|Any CPU.Build.0 = Debug|Any CPU
		{D077995E-C183-409A-8EA3-EB67AF6368D8}.Debug|Mixed Platforms.ActiveCfg = Debug|Any CPU
		{D077995E-C183-409A-8EA3-EB67AF6368D8}.Debug|Mixed Platforms.Build.0 = Debug|Any CPU
		{D077995E-C183-409A-8EA3-EB67AF6368D8}.Debug|x64.ActiveCfg = Debug|x64
		{D077995E-C183-409A-8EA3-EB67AF6368D8}.Debug|x64.Build.0 = Debug|x64
		{D077995E-C183-409A-8EA3-EB67AF6368D8}.Debug|x86.ActiveCfg = Debug|Any CPU
		{D077995E-C183-409A-8EA3-EB67AF6368D8}.Release|Any CPU.ActiveCfg = Release|Any CPU
		{D077995E-C183-409A-8EA3-EB67AF6368D8}.Release|Any CPU.Build.0 = Release|Any CPU
		{D077995E-C183-409A-8EA3-EB67AF6368D8}.Release|Mixed Platforms.ActiveCfg = Release|Any CPU
		{D077995E-C183-409A-8EA3-EB67AF6368D8}.Release|Mixed Platforms.Build.0 = Release|Any CPU
		{D077995E-C183-409A-8EA3-EB67AF6368D8}.Release|x64.ActiveCfg = Release|x64
		{D077995E-C183-409A-8EA3-EB67AF6368D8}.Release|x64.Build.0 = Release|x64
		{D077995E-C183-409A-8EA3-EB67AF6368D8}.Release|x86.ActiveCfg = Release|Any CPU
		{D107CC7F-D119-47E1-95CC-448267A0D3DA}.Debug|Any CPU.ActiveCfg = Debug|Any CPU
		{D107CC7F-D119-47E1-95CC-448267A0D3DA}.Debug|Any CPU.Build.0 = Debug|Any CPU
		{D107CC7F-D119-47E1-95CC-448267A0D3DA}.Debug|Mixed Platforms.ActiveCfg = Debug|Any CPU
		{D107CC7F-D119-47E1-95CC-448267A0D3DA}.Debug|Mixed Platforms.Build.0 = Debug|Any CPU
		{D107CC7F-D119-47E1-95CC-448267A0D3DA}.Debug|x64.ActiveCfg = Debug|Any CPU
		{D107CC7F-D119-47E1-95CC-448267A0D3DA}.Debug|x86.ActiveCfg = Debug|Any CPU
		{D107CC7F-D119-47E1-95CC-448267A0D3DA}.Release|Any CPU.ActiveCfg = Release|Any CPU
		{D107CC7F-D119-47E1-95CC-448267A0D3DA}.Release|Any CPU.Build.0 = Release|Any CPU
		{D107CC7F-D119-47E1-95CC-448267A0D3DA}.Release|Mixed Platforms.ActiveCfg = Release|Any CPU
		{D107CC7F-D119-47E1-95CC-448267A0D3DA}.Release|Mixed Platforms.Build.0 = Release|Any CPU
		{D107CC7F-D119-47E1-95CC-448267A0D3DA}.Release|x64.ActiveCfg = Release|Any CPU
		{D107CC7F-D119-47E1-95CC-448267A0D3DA}.Release|x86.ActiveCfg = Release|Any CPU
		{F5BD177F-1709-4D05-A930-7508AB9FA7C9}.Debug|Any CPU.ActiveCfg = Debug|x86
		{F5BD177F-1709-4D05-A930-7508AB9FA7C9}.Debug|Any CPU.Build.0 = Debug|x86
		{F5BD177F-1709-4D05-A930-7508AB9FA7C9}.Debug|Mixed Platforms.ActiveCfg = Debug|x86
		{F5BD177F-1709-4D05-A930-7508AB9FA7C9}.Debug|Mixed Platforms.Build.0 = Debug|x86
		{F5BD177F-1709-4D05-A930-7508AB9FA7C9}.Debug|x64.ActiveCfg = Debug|x86
		{F5BD177F-1709-4D05-A930-7508AB9FA7C9}.Debug|x86.ActiveCfg = Debug|x86
		{F5BD177F-1709-4D05-A930-7508AB9FA7C9}.Debug|x86.Build.0 = Debug|x86
		{F5BD177F-1709-4D05-A930-7508AB9FA7C9}.Release|Any CPU.ActiveCfg = Release|x86
		{F5BD177F-1709-4D05-A930-7508AB9FA7C9}.Release|Any CPU.Build.0 = Release|x86
		{F5BD177F-1709-4D05-A930-7508AB9FA7C9}.Release|Mixed Platforms.ActiveCfg = Release|x86
		{F5BD177F-1709-4D05-A930-7508AB9FA7C9}.Release|Mixed Platforms.Build.0 = Release|x86
		{F5BD177F-1709-4D05-A930-7508AB9FA7C9}.Release|x64.ActiveCfg = Release|x86
		{F5BD177F-1709-4D05-A930-7508AB9FA7C9}.Release|x86.ActiveCfg = Release|x86
		{F5BD177F-1709-4D05-A930-7508AB9FA7C9}.Release|x86.Build.0 = Release|x86
		{9F08030D-45C9-447A-97F6-F25E9CF3471C}.Debug|Any CPU.ActiveCfg = Debug|Any CPU
		{9F08030D-45C9-447A-97F6-F25E9CF3471C}.Debug|Any CPU.Build.0 = Debug|Any CPU
		{9F08030D-45C9-447A-97F6-F25E9CF3471C}.Debug|Mixed Platforms.ActiveCfg = Debug|Any CPU
		{9F08030D-45C9-447A-97F6-F25E9CF3471C}.Debug|Mixed Platforms.Build.0 = Debug|Any CPU
		{9F08030D-45C9-447A-97F6-F25E9CF3471C}.Debug|x64.ActiveCfg = Debug|Any CPU
		{9F08030D-45C9-447A-97F6-F25E9CF3471C}.Debug|x86.ActiveCfg = Debug|Any CPU
		{9F08030D-45C9-447A-97F6-F25E9CF3471C}.Release|Any CPU.ActiveCfg = Release|Any CPU
		{9F08030D-45C9-447A-97F6-F25E9CF3471C}.Release|Any CPU.Build.0 = Release|Any CPU
		{9F08030D-45C9-447A-97F6-F25E9CF3471C}.Release|Mixed Platforms.ActiveCfg = Release|Any CPU
		{9F08030D-45C9-447A-97F6-F25E9CF3471C}.Release|Mixed Platforms.Build.0 = Release|Any CPU
		{9F08030D-45C9-447A-97F6-F25E9CF3471C}.Release|x64.ActiveCfg = Release|Any CPU
		{9F08030D-45C9-447A-97F6-F25E9CF3471C}.Release|x86.ActiveCfg = Release|Any CPU
		{73678087-A5B1-49F8-86F7-0367759D1DF3}.Debug|Any CPU.ActiveCfg = Debug|Any CPU
		{73678087-A5B1-49F8-86F7-0367759D1DF3}.Debug|Any CPU.Build.0 = Debug|Any CPU
		{73678087-A5B1-49F8-86F7-0367759D1DF3}.Debug|Mixed Platforms.ActiveCfg = Debug|Any CPU
		{73678087-A5B1-49F8-86F7-0367759D1DF3}.Debug|Mixed Platforms.Build.0 = Debug|Any CPU
		{73678087-A5B1-49F8-86F7-0367759D1DF3}.Debug|x64.ActiveCfg = Debug|Any CPU
		{73678087-A5B1-49F8-86F7-0367759D1DF3}.Debug|x86.ActiveCfg = Debug|Any CPU
		{73678087-A5B1-49F8-86F7-0367759D1DF3}.Release|Any CPU.ActiveCfg = Release|Any CPU
		{73678087-A5B1-49F8-86F7-0367759D1DF3}.Release|Any CPU.Build.0 = Release|Any CPU
		{73678087-A5B1-49F8-86F7-0367759D1DF3}.Release|Mixed Platforms.ActiveCfg = Release|Any CPU
		{73678087-A5B1-49F8-86F7-0367759D1DF3}.Release|Mixed Platforms.Build.0 = Release|Any CPU
		{73678087-A5B1-49F8-86F7-0367759D1DF3}.Release|x64.ActiveCfg = Release|Any CPU
		{73678087-A5B1-49F8-86F7-0367759D1DF3}.Release|x86.ActiveCfg = Release|Any CPU
		{7E0887EC-D2D7-4F0E-9EB1-D25542755470}.Debug|Any CPU.ActiveCfg = Debug|Any CPU
		{7E0887EC-D2D7-4F0E-9EB1-D25542755470}.Debug|Any CPU.Build.0 = Debug|Any CPU
		{7E0887EC-D2D7-4F0E-9EB1-D25542755470}.Debug|Mixed Platforms.ActiveCfg = Debug|Any CPU
		{7E0887EC-D2D7-4F0E-9EB1-D25542755470}.Debug|Mixed Platforms.Build.0 = Debug|Any CPU
		{7E0887EC-D2D7-4F0E-9EB1-D25542755470}.Debug|x64.ActiveCfg = Debug|Any CPU
		{7E0887EC-D2D7-4F0E-9EB1-D25542755470}.Debug|x86.ActiveCfg = Debug|Any CPU
		{7E0887EC-D2D7-4F0E-9EB1-D25542755470}.Release|Any CPU.ActiveCfg = Release|Any CPU
		{7E0887EC-D2D7-4F0E-9EB1-D25542755470}.Release|Any CPU.Build.0 = Release|Any CPU
		{7E0887EC-D2D7-4F0E-9EB1-D25542755470}.Release|Mixed Platforms.ActiveCfg = Release|Any CPU
		{7E0887EC-D2D7-4F0E-9EB1-D25542755470}.Release|Mixed Platforms.Build.0 = Release|Any CPU
		{7E0887EC-D2D7-4F0E-9EB1-D25542755470}.Release|x64.ActiveCfg = Release|Any CPU
		{7E0887EC-D2D7-4F0E-9EB1-D25542755470}.Release|x86.ActiveCfg = Release|Any CPU
	EndGlobalSection
	GlobalSection(SolutionProperties) = preSolution
		HideSolutionNode = FALSE
	EndGlobalSection
EndGlobal
