
Microsoft Visual Studio Solution File, Format Version 12.00
# Visual Studio 2013
VisualStudioVersion = 12.0.30110.0
MinimumVisualStudioVersion = 10.0.40219.1
Project("{2150E333-8FDC-42A3-9474-1A3956D46DE8}") = "Solution Items", "Solution Items", "{946EBB06-621E-45D1-A4AD-5C587323F88B}"
	ProjectSection(SolutionItems) = preProject
		ReadMe.txt = ReadMe.txt
	EndProjectSection
EndProject
Project("{FAE04EC0-301F-11D3-BF4B-00C04F79EFBC}") = "Pmh.Manager", "Pmh.Manager\Pmh.Manager.csproj", "{C042C1A6-558E-494D-BE20-0077FCE12E5A}"
EndProject
Project("{FAE04EC0-301F-11D3-BF4B-00C04F79EFBC}") = "Pmh.Client.Oracle", "Pmh.Client.Oracle\Pmh.Client.Oracle.csproj", "{4E7037DC-AC5F-45EC-83AF-D80FAC285CE6}"
EndProject
Project("{930C7802-8A8C-48F9-8165-68863BCCD9DD}") = "Pmh.Client.Installer", "Pmh.Client.Installer\Pmh.Client.Installer.wixproj", "{F5BD177F-1709-4D05-A930-7508AB9FA7C9}"
	ProjectSection(ProjectDependencies) = postProject
		{D107CC7F-D119-47E1-95CC-448267A0D3DA} = {D107CC7F-D119-47E1-95CC-448267A0D3DA}
		{C042C1A6-558E-494D-BE20-0077FCE12E5A} = {C042C1A6-558E-494D-BE20-0077FCE12E5A}
	EndProjectSection
EndProject
Project("{FAE04EC0-301F-11D3-BF4B-00C04F79EFBC}") = "Pmh.Client.Oracle.U", "Pmh.Client.Oracle.U\Pmh.Client.Oracle.U.csproj", "{9F08030D-45C9-447A-97F6-F25E9CF3471C}"
EndProject
Project("{FAE04EC0-301F-11D3-BF4B-00C04F79EFBC}") = "~Pmh", "~Pmh\~Pmh.csproj", "{D107CC7F-D119-47E1-95CC-448267A0D3DA}"
EndProject
Project("{FAE04EC0-301F-11D3-BF4B-00C04F79EFBC}") = "~Pmh.Client", "~Pmh.Client\~Pmh.Client.csproj", "{D077995E-C183-409A-8EA3-EB67AF6368D8}"
EndProject
Project("{FAE04EC0-301F-11D3-BF4B-00C04F79EFBC}") = "Pmh.Client", "Pmh.Client\Pmh.Client.csproj", "{2E0D6AD0-5359-49D4-A004-141F50168846}"
EndProject
Project("{FAE04EC0-301F-11D3-BF4B-00C04F79EFBC}") = "~Pmh.Client.Interface", "~Pmh.Client.Interface\~Pmh.Client.Interface.csproj", "{73678087-A5B1-49F8-86F7-0367759D1DF3}"
EndProject
Project("{FAE04EC0-301F-11D3-BF4B-00C04F79EFBC}") = "Plex.Data", "Plex.Data\Plex.Data\Plex.Data.csproj", "{D969D2E9-8816-4BBB-AFEE-28ACA7FB23AC}"
EndProject
Project("{FAE04EC0-301F-11D3-BF4B-00C04F79EFBC}") = "Plex.Data.Tests", "Plex.Data\Plex.Data.Tests\Plex.Data.Tests.csproj", "{84D9D527-ED7F-4427-AB03-40E9E1ED1CA5}"
EndProject
Project("{FAE04EC0-301F-11D3-BF4B-00C04F79EFBC}") = "Pmh.Testing", "Pmh.Testing\Pmh.Testing.csproj", "{281E37D8-D127-4D8C-B81E-3E4DF801A43E}"
EndProject
Project("{FAE04EC0-301F-11D3-BF4B-00C04F79EFBC}") = "Pmh.ServiceLibrary.Types", "Pmh.ServiceLibrary.Types\Pmh.ServiceLibrary.Types.csproj", "{8F8D9C65-CCF0-4B77-9D6F-C2013B795643}"
EndProject
Project("{FAE04EC0-301F-11D3-BF4B-00C04F79EFBC}") = "Pmh.Service", "Pmh.Service\Pmh.Service.csproj", "{DDE56963-3CD9-474F-8111-1BCA5C60F74B}"
	ProjectSection(ProjectDependencies) = postProject
		{E6AFE360-6FC1-4994-9DEF-195569D133AC} = {E6AFE360-6FC1-4994-9DEF-195569D133AC}
	EndProjectSection
EndProject
Project("{FAE04EC0-301F-11D3-BF4B-00C04F79EFBC}") = "Pmh.Consumer", "Pmh.Consumer\Pmh.Consumer.csproj", "{6429EB99-2446-4124-A922-9CAF8E562251}"
EndProject
Project("{FAE04EC0-301F-11D3-BF4B-00C04F79EFBC}") = "Pmh.Consumer.Client", "Pmh.Consumer.Client\Pmh.Consumer.Client.csproj", "{B4CD1292-C4D3-425E-A140-B129C0903BE8}"
EndProject
Project("{FAE04EC0-301F-11D3-BF4B-00C04F79EFBC}") = "Pmh.Consumer.Api", "Pmh.Consumer.Api\Pmh.Consumer.Api.csproj", "{CA2CB982-5B58-4F6F-B367-C42B52012D67}"
EndProject
Project("{FAE04EC0-301F-11D3-BF4B-00C04F79EFBC}") = "Pmh.Consumer.Devel", "Pmh.Consumer.Devel\Pmh.Consumer.Devel.csproj", "{700250CA-076D-42AB-9B53-2D02796F337D}"
EndProject
Project("{FAE04EC0-301F-11D3-BF4B-00C04F79EFBC}") = "Pmh.Consumer.Management", "Pmh.Consumer.Management\Pmh.Consumer.Management.csproj", "{F32C21F4-9248-40C0-A364-FEC0F2E26171}"
EndProject
Project("{FAE04EC0-301F-11D3-BF4B-00C04F79EFBC}") = "Pmh.ServiceLibrary", "Pmh.ServiceLibrary\Pmh.ServiceLibrary.csproj", "{E6AFE360-6FC1-4994-9DEF-195569D133AC}"
EndProject
Project("{FAE04EC0-301F-11D3-BF4B-00C04F79EFBC}") = "Pmh.ServiceLibrary.Exceptions", "Pmh.ServiceLibrary.Exceptions\Pmh.ServiceLibrary.Exceptions.csproj", "{5B5F0840-F50E-46F3-B986-FD2694C5D979}"
EndProject
Global
	GlobalSection(SolutionConfigurationPlatforms) = preSolution
		64bit|Any CPU = 64bit|Any CPU
		64bit|Mixed Platforms = 64bit|Mixed Platforms
		64bit|x64 = 64bit|x64
		64bit|x86 = 64bit|x86
		Debug|Any CPU = Debug|Any CPU
		Debug|Mixed Platforms = Debug|Mixed Platforms
		Debug|x64 = Debug|x64
		Debug|x86 = Debug|x86
		Release|Any CPU = Release|Any CPU
		Release|Mixed Platforms = Release|Mixed Platforms
		Release|x64 = Release|x64
		Release|x86 = Release|x86
	EndGlobalSection
	GlobalSection(ProjectConfigurationPlatforms) = postSolution
		{C042C1A6-558E-494D-BE20-0077FCE12E5A}.64bit|Any CPU.ActiveCfg = Release|Any CPU
		{C042C1A6-558E-494D-BE20-0077FCE12E5A}.64bit|Mixed Platforms.ActiveCfg = Release|Any CPU
		{C042C1A6-558E-494D-BE20-0077FCE12E5A}.64bit|x64.ActiveCfg = Release|Any CPU
		{C042C1A6-558E-494D-BE20-0077FCE12E5A}.64bit|x86.ActiveCfg = Release|Any CPU
		{C042C1A6-558E-494D-BE20-0077FCE12E5A}.Debug|Any CPU.ActiveCfg = Debug|Any CPU
		{C042C1A6-558E-494D-BE20-0077FCE12E5A}.Debug|Any CPU.Build.0 = Debug|Any CPU
		{C042C1A6-558E-494D-BE20-0077FCE12E5A}.Debug|Mixed Platforms.ActiveCfg = Debug|Any CPU
		{C042C1A6-558E-494D-BE20-0077FCE12E5A}.Debug|Mixed Platforms.Build.0 = Debug|Any CPU
		{C042C1A6-558E-494D-BE20-0077FCE12E5A}.Debug|x64.ActiveCfg = Debug|Any CPU
		{C042C1A6-558E-494D-BE20-0077FCE12E5A}.Debug|x86.ActiveCfg = Debug|Any CPU
		{C042C1A6-558E-494D-BE20-0077FCE12E5A}.Release|Any CPU.ActiveCfg = Release|Any CPU
		{C042C1A6-558E-494D-BE20-0077FCE12E5A}.Release|Any CPU.Build.0 = Release|Any CPU
		{C042C1A6-558E-494D-BE20-0077FCE12E5A}.Release|Mixed Platforms.ActiveCfg = Release|Any CPU
		{C042C1A6-558E-494D-BE20-0077FCE12E5A}.Release|Mixed Platforms.Build.0 = Release|Any CPU
		{C042C1A6-558E-494D-BE20-0077FCE12E5A}.Release|x64.ActiveCfg = Release|Any CPU
		{C042C1A6-558E-494D-BE20-0077FCE12E5A}.Release|x86.ActiveCfg = Release|Any CPU
		{4E7037DC-AC5F-45EC-83AF-D80FAC285CE6}.64bit|Any CPU.ActiveCfg = Release|Any CPU
		{4E7037DC-AC5F-45EC-83AF-D80FAC285CE6}.64bit|Mixed Platforms.ActiveCfg = Release|Any CPU
		{4E7037DC-AC5F-45EC-83AF-D80FAC285CE6}.64bit|x64.ActiveCfg = Release|Any CPU
		{4E7037DC-AC5F-45EC-83AF-D80FAC285CE6}.64bit|x86.ActiveCfg = Release|Any CPU
		{4E7037DC-AC5F-45EC-83AF-D80FAC285CE6}.Debug|Any CPU.ActiveCfg = Debug|Any CPU
		{4E7037DC-AC5F-45EC-83AF-D80FAC285CE6}.Debug|Any CPU.Build.0 = Debug|Any CPU
		{4E7037DC-AC5F-45EC-83AF-D80FAC285CE6}.Debug|Mixed Platforms.ActiveCfg = Debug|Any CPU
		{4E7037DC-AC5F-45EC-83AF-D80FAC285CE6}.Debug|Mixed Platforms.Build.0 = Debug|Any CPU
		{4E7037DC-AC5F-45EC-83AF-D80FAC285CE6}.Debug|x64.ActiveCfg = Debug|Any CPU
		{4E7037DC-AC5F-45EC-83AF-D80FAC285CE6}.Debug|x86.ActiveCfg = Debug|Any CPU
		{4E7037DC-AC5F-45EC-83AF-D80FAC285CE6}.Release|Any CPU.ActiveCfg = Release|Any CPU
		{4E7037DC-AC5F-45EC-83AF-D80FAC285CE6}.Release|Any CPU.Build.0 = Release|Any CPU
		{4E7037DC-AC5F-45EC-83AF-D80FAC285CE6}.Release|Mixed Platforms.ActiveCfg = Release|Any CPU
		{4E7037DC-AC5F-45EC-83AF-D80FAC285CE6}.Release|Mixed Platforms.Build.0 = Release|Any CPU
		{4E7037DC-AC5F-45EC-83AF-D80FAC285CE6}.Release|x64.ActiveCfg = Release|Any CPU
		{4E7037DC-AC5F-45EC-83AF-D80FAC285CE6}.Release|x86.ActiveCfg = Release|Any CPU
		{F5BD177F-1709-4D05-A930-7508AB9FA7C9}.64bit|Any CPU.ActiveCfg = Release|x86
		{F5BD177F-1709-4D05-A930-7508AB9FA7C9}.64bit|Mixed Platforms.ActiveCfg = Release|x86
		{F5BD177F-1709-4D05-A930-7508AB9FA7C9}.64bit|x64.ActiveCfg = Release|x86
		{F5BD177F-1709-4D05-A930-7508AB9FA7C9}.64bit|x86.ActiveCfg = Release|x86
		{F5BD177F-1709-4D05-A930-7508AB9FA7C9}.Debug|Any CPU.ActiveCfg = Debug|x86
		{F5BD177F-1709-4D05-A930-7508AB9FA7C9}.Debug|Any CPU.Build.0 = Debug|x86
		{F5BD177F-1709-4D05-A930-7508AB9FA7C9}.Debug|Mixed Platforms.ActiveCfg = Debug|x86
		{F5BD177F-1709-4D05-A930-7508AB9FA7C9}.Debug|Mixed Platforms.Build.0 = Debug|x86
		{F5BD177F-1709-4D05-A930-7508AB9FA7C9}.Debug|x64.ActiveCfg = Debug|x86
		{F5BD177F-1709-4D05-A930-7508AB9FA7C9}.Debug|x86.ActiveCfg = Debug|x86
		{F5BD177F-1709-4D05-A930-7508AB9FA7C9}.Debug|x86.Build.0 = Debug|x86
		{F5BD177F-1709-4D05-A930-7508AB9FA7C9}.Release|Any CPU.ActiveCfg = Release|x86
		{F5BD177F-1709-4D05-A930-7508AB9FA7C9}.Release|Any CPU.Build.0 = Release|x86
		{F5BD177F-1709-4D05-A930-7508AB9FA7C9}.Release|Mixed Platforms.ActiveCfg = Release|x86
		{F5BD177F-1709-4D05-A930-7508AB9FA7C9}.Release|Mixed Platforms.Build.0 = Release|x86
		{F5BD177F-1709-4D05-A930-7508AB9FA7C9}.Release|x64.ActiveCfg = Release|x86
		{F5BD177F-1709-4D05-A930-7508AB9FA7C9}.Release|x86.ActiveCfg = Release|x86
		{F5BD177F-1709-4D05-A930-7508AB9FA7C9}.Release|x86.Build.0 = Release|x86
		{9F08030D-45C9-447A-97F6-F25E9CF3471C}.64bit|Any CPU.ActiveCfg = Release|Any CPU
		{9F08030D-45C9-447A-97F6-F25E9CF3471C}.64bit|Mixed Platforms.ActiveCfg = Release|Any CPU
		{9F08030D-45C9-447A-97F6-F25E9CF3471C}.64bit|x64.ActiveCfg = Release|Any CPU
		{9F08030D-45C9-447A-97F6-F25E9CF3471C}.64bit|x86.ActiveCfg = Release|Any CPU
		{9F08030D-45C9-447A-97F6-F25E9CF3471C}.Debug|Any CPU.ActiveCfg = Debug|Any CPU
		{9F08030D-45C9-447A-97F6-F25E9CF3471C}.Debug|Any CPU.Build.0 = Debug|Any CPU
		{9F08030D-45C9-447A-97F6-F25E9CF3471C}.Debug|Mixed Platforms.ActiveCfg = Debug|Any CPU
		{9F08030D-45C9-447A-97F6-F25E9CF3471C}.Debug|Mixed Platforms.Build.0 = Debug|Any CPU
		{9F08030D-45C9-447A-97F6-F25E9CF3471C}.Debug|x64.ActiveCfg = Debug|Any CPU
		{9F08030D-45C9-447A-97F6-F25E9CF3471C}.Debug|x86.ActiveCfg = Debug|Any CPU
		{9F08030D-45C9-447A-97F6-F25E9CF3471C}.Release|Any CPU.ActiveCfg = Release|Any CPU
		{9F08030D-45C9-447A-97F6-F25E9CF3471C}.Release|Any CPU.Build.0 = Release|Any CPU
		{9F08030D-45C9-447A-97F6-F25E9CF3471C}.Release|Mixed Platforms.ActiveCfg = Release|Any CPU
		{9F08030D-45C9-447A-97F6-F25E9CF3471C}.Release|Mixed Platforms.Build.0 = Release|Any CPU
		{9F08030D-45C9-447A-97F6-F25E9CF3471C}.Release|x64.ActiveCfg = Release|Any CPU
		{9F08030D-45C9-447A-97F6-F25E9CF3471C}.Release|x86.ActiveCfg = Release|Any CPU
		{D107CC7F-D119-47E1-95CC-448267A0D3DA}.64bit|Any CPU.ActiveCfg = Release|Any CPU
		{D107CC7F-D119-47E1-95CC-448267A0D3DA}.64bit|Any CPU.Build.0 = Release|Any CPU
		{D107CC7F-D119-47E1-95CC-448267A0D3DA}.64bit|Mixed Platforms.ActiveCfg = Release|Any CPU
		{D107CC7F-D119-47E1-95CC-448267A0D3DA}.64bit|Mixed Platforms.Build.0 = Release|Any CPU
		{D107CC7F-D119-47E1-95CC-448267A0D3DA}.64bit|x64.ActiveCfg = Release|Any CPU
		{D107CC7F-D119-47E1-95CC-448267A0D3DA}.64bit|x86.ActiveCfg = Release|Any CPU
		{D107CC7F-D119-47E1-95CC-448267A0D3DA}.Debug|Any CPU.ActiveCfg = Debug|Any CPU
		{D107CC7F-D119-47E1-95CC-448267A0D3DA}.Debug|Any CPU.Build.0 = Debug|Any CPU
		{D107CC7F-D119-47E1-95CC-448267A0D3DA}.Debug|Mixed Platforms.ActiveCfg = Debug|Any CPU
		{D107CC7F-D119-47E1-95CC-448267A0D3DA}.Debug|Mixed Platforms.Build.0 = Debug|Any CPU
		{D107CC7F-D119-47E1-95CC-448267A0D3DA}.Debug|x64.ActiveCfg = Debug|Any CPU
		{D107CC7F-D119-47E1-95CC-448267A0D3DA}.Debug|x86.ActiveCfg = Debug|Any CPU
		{D107CC7F-D119-47E1-95CC-448267A0D3DA}.Release|Any CPU.ActiveCfg = Release|Any CPU
		{D107CC7F-D119-47E1-95CC-448267A0D3DA}.Release|Any CPU.Build.0 = Release|Any CPU
		{D107CC7F-D119-47E1-95CC-448267A0D3DA}.Release|Mixed Platforms.ActiveCfg = Release|Any CPU
		{D107CC7F-D119-47E1-95CC-448267A0D3DA}.Release|Mixed Platforms.Build.0 = Release|Any CPU
		{D107CC7F-D119-47E1-95CC-448267A0D3DA}.Release|x64.ActiveCfg = Release|Any CPU
		{D107CC7F-D119-47E1-95CC-448267A0D3DA}.Release|x86.ActiveCfg = Release|Any CPU
		{D077995E-C183-409A-8EA3-EB67AF6368D8}.64bit|Any CPU.ActiveCfg = 64bit|Any CPU
		{D077995E-C183-409A-8EA3-EB67AF6368D8}.64bit|Any CPU.Build.0 = 64bit|Any CPU
		{D077995E-C183-409A-8EA3-EB67AF6368D8}.64bit|Mixed Platforms.ActiveCfg = 64bit|Any CPU
		{D077995E-C183-409A-8EA3-EB67AF6368D8}.64bit|Mixed Platforms.Build.0 = 64bit|Any CPU
		{D077995E-C183-409A-8EA3-EB67AF6368D8}.64bit|x64.ActiveCfg = 64bit|x64
		{D077995E-C183-409A-8EA3-EB67AF6368D8}.64bit|x64.Build.0 = 64bit|x64
		{D077995E-C183-409A-8EA3-EB67AF6368D8}.64bit|x86.ActiveCfg = 64bit|Any CPU
		{D077995E-C183-409A-8EA3-EB67AF6368D8}.Debug|Any CPU.ActiveCfg = Debug|Any CPU
		{D077995E-C183-409A-8EA3-EB67AF6368D8}.Debug|Any CPU.Build.0 = Debug|Any CPU
		{D077995E-C183-409A-8EA3-EB67AF6368D8}.Debug|Mixed Platforms.ActiveCfg = Debug|Any CPU
		{D077995E-C183-409A-8EA3-EB67AF6368D8}.Debug|Mixed Platforms.Build.0 = Debug|Any CPU
		{D077995E-C183-409A-8EA3-EB67AF6368D8}.Debug|x64.ActiveCfg = Debug|x64
		{D077995E-C183-409A-8EA3-EB67AF6368D8}.Debug|x64.Build.0 = Debug|x64
		{D077995E-C183-409A-8EA3-EB67AF6368D8}.Debug|x86.ActiveCfg = Debug|Any CPU
		{D077995E-C183-409A-8EA3-EB67AF6368D8}.Release|Any CPU.ActiveCfg = Release|Any CPU
		{D077995E-C183-409A-8EA3-EB67AF6368D8}.Release|Any CPU.Build.0 = Release|Any CPU
		{D077995E-C183-409A-8EA3-EB67AF6368D8}.Release|Mixed Platforms.ActiveCfg = Release|Any CPU
		{D077995E-C183-409A-8EA3-EB67AF6368D8}.Release|Mixed Platforms.Build.0 = Release|Any CPU
		{D077995E-C183-409A-8EA3-EB67AF6368D8}.Release|x64.ActiveCfg = Release|x64
		{D077995E-C183-409A-8EA3-EB67AF6368D8}.Release|x64.Build.0 = Release|x64
		{D077995E-C183-409A-8EA3-EB67AF6368D8}.Release|x86.ActiveCfg = Release|Any CPU
		{2E0D6AD0-5359-49D4-A004-141F50168846}.64bit|Any CPU.ActiveCfg = Release|Any CPU
		{2E0D6AD0-5359-49D4-A004-141F50168846}.64bit|Any CPU.Build.0 = Release|Any CPU
		{2E0D6AD0-5359-49D4-A004-141F50168846}.64bit|Mixed Platforms.ActiveCfg = Release|Any CPU
		{2E0D6AD0-5359-49D4-A004-141F50168846}.64bit|Mixed Platforms.Build.0 = Release|Any CPU
		{2E0D6AD0-5359-49D4-A004-141F50168846}.64bit|x64.ActiveCfg = Release|Any CPU
		{2E0D6AD0-5359-49D4-A004-141F50168846}.64bit|x86.ActiveCfg = Release|Any CPU
		{2E0D6AD0-5359-49D4-A004-141F50168846}.Debug|Any CPU.ActiveCfg = Debug|Any CPU
		{2E0D6AD0-5359-49D4-A004-141F50168846}.Debug|Any CPU.Build.0 = Debug|Any CPU
		{2E0D6AD0-5359-49D4-A004-141F50168846}.Debug|Mixed Platforms.ActiveCfg = Debug|Any CPU
		{2E0D6AD0-5359-49D4-A004-141F50168846}.Debug|Mixed Platforms.Build.0 = Debug|Any CPU
		{2E0D6AD0-5359-49D4-A004-141F50168846}.Debug|x64.ActiveCfg = Debug|Any CPU
		{2E0D6AD0-5359-49D4-A004-141F50168846}.Debug|x86.ActiveCfg = Debug|Any CPU
		{2E0D6AD0-5359-49D4-A004-141F50168846}.Release|Any CPU.ActiveCfg = Release|Any CPU
		{2E0D6AD0-5359-49D4-A004-141F50168846}.Release|Any CPU.Build.0 = Release|Any CPU
		{2E0D6AD0-5359-49D4-A004-141F50168846}.Release|Mixed Platforms.ActiveCfg = Release|Any CPU
		{2E0D6AD0-5359-49D4-A004-141F50168846}.Release|Mixed Platforms.Build.0 = Release|Any CPU
		{2E0D6AD0-5359-49D4-A004-141F50168846}.Release|x64.ActiveCfg = Release|Any CPU
		{2E0D6AD0-5359-49D4-A004-141F50168846}.Release|x86.ActiveCfg = Release|Any CPU
		{73678087-A5B1-49F8-86F7-0367759D1DF3}.64bit|Any CPU.ActiveCfg = Release|Any CPU
		{73678087-A5B1-49F8-86F7-0367759D1DF3}.64bit|Any CPU.Build.0 = Release|Any CPU
		{73678087-A5B1-49F8-86F7-0367759D1DF3}.64bit|Mixed Platforms.ActiveCfg = Release|Any CPU
		{73678087-A5B1-49F8-86F7-0367759D1DF3}.64bit|Mixed Platforms.Build.0 = Release|Any CPU
		{73678087-A5B1-49F8-86F7-0367759D1DF3}.64bit|x64.ActiveCfg = Release|Any CPU
		{73678087-A5B1-49F8-86F7-0367759D1DF3}.64bit|x86.ActiveCfg = Release|Any CPU
		{73678087-A5B1-49F8-86F7-0367759D1DF3}.Debug|Any CPU.ActiveCfg = Debug|Any CPU
		{73678087-A5B1-49F8-86F7-0367759D1DF3}.Debug|Any CPU.Build.0 = Debug|Any CPU
		{73678087-A5B1-49F8-86F7-0367759D1DF3}.Debug|Mixed Platforms.ActiveCfg = Debug|Any CPU
		{73678087-A5B1-49F8-86F7-0367759D1DF3}.Debug|Mixed Platforms.Build.0 = Debug|Any CPU
		{73678087-A5B1-49F8-86F7-0367759D1DF3}.Debug|x64.ActiveCfg = Debug|Any CPU
		{73678087-A5B1-49F8-86F7-0367759D1DF3}.Debug|x86.ActiveCfg = Debug|Any CPU
		{73678087-A5B1-49F8-86F7-0367759D1DF3}.Release|Any CPU.ActiveCfg = Release|Any CPU
		{73678087-A5B1-49F8-86F7-0367759D1DF3}.Release|Any CPU.Build.0 = Release|Any CPU
		{73678087-A5B1-49F8-86F7-0367759D1DF3}.Release|Mixed Platforms.ActiveCfg = Release|Any CPU
		{73678087-A5B1-49F8-86F7-0367759D1DF3}.Release|Mixed Platforms.Build.0 = Release|Any CPU
		{73678087-A5B1-49F8-86F7-0367759D1DF3}.Release|x64.ActiveCfg = Release|Any CPU
		{73678087-A5B1-49F8-86F7-0367759D1DF3}.Release|x86.ActiveCfg = Release|Any CPU
		{D969D2E9-8816-4BBB-AFEE-28ACA7FB23AC}.64bit|Any CPU.ActiveCfg = Release|Any CPU
		{D969D2E9-8816-4BBB-AFEE-28ACA7FB23AC}.64bit|Any CPU.Build.0 = Release|Any CPU
		{D969D2E9-8816-4BBB-AFEE-28ACA7FB23AC}.64bit|Mixed Platforms.ActiveCfg = Release|x86
		{D969D2E9-8816-4BBB-AFEE-28ACA7FB23AC}.64bit|Mixed Platforms.Build.0 = Release|x86
		{D969D2E9-8816-4BBB-AFEE-28ACA7FB23AC}.64bit|x64.ActiveCfg = Release|x64
		{D969D2E9-8816-4BBB-AFEE-28ACA7FB23AC}.64bit|x64.Build.0 = Release|x64
		{D969D2E9-8816-4BBB-AFEE-28ACA7FB23AC}.64bit|x86.ActiveCfg = Release|x86
		{D969D2E9-8816-4BBB-AFEE-28ACA7FB23AC}.64bit|x86.Build.0 = Release|x86
		{D969D2E9-8816-4BBB-AFEE-28ACA7FB23AC}.Debug|Any CPU.ActiveCfg = Debug|Any CPU
		{D969D2E9-8816-4BBB-AFEE-28ACA7FB23AC}.Debug|Any CPU.Build.0 = Debug|Any CPU
		{D969D2E9-8816-4BBB-AFEE-28ACA7FB23AC}.Debug|Mixed Platforms.ActiveCfg = Debug|x86
		{D969D2E9-8816-4BBB-AFEE-28ACA7FB23AC}.Debug|Mixed Platforms.Build.0 = Debug|x86
		{D969D2E9-8816-4BBB-AFEE-28ACA7FB23AC}.Debug|x64.ActiveCfg = Debug|x64
		{D969D2E9-8816-4BBB-AFEE-28ACA7FB23AC}.Debug|x64.Build.0 = Debug|x64
		{D969D2E9-8816-4BBB-AFEE-28ACA7FB23AC}.Debug|x86.ActiveCfg = Debug|x86
		{D969D2E9-8816-4BBB-AFEE-28ACA7FB23AC}.Debug|x86.Build.0 = Debug|x86
		{D969D2E9-8816-4BBB-AFEE-28ACA7FB23AC}.Release|Any CPU.ActiveCfg = Release|Any CPU
		{D969D2E9-8816-4BBB-AFEE-28ACA7FB23AC}.Release|Any CPU.Build.0 = Release|Any CPU
		{D969D2E9-8816-4BBB-AFEE-28ACA7FB23AC}.Release|Mixed Platforms.ActiveCfg = Release|x86
		{D969D2E9-8816-4BBB-AFEE-28ACA7FB23AC}.Release|Mixed Platforms.Build.0 = Release|x86
		{D969D2E9-8816-4BBB-AFEE-28ACA7FB23AC}.Release|x64.ActiveCfg = Release|x64
		{D969D2E9-8816-4BBB-AFEE-28ACA7FB23AC}.Release|x64.Build.0 = Release|x64
		{D969D2E9-8816-4BBB-AFEE-28ACA7FB23AC}.Release|x86.ActiveCfg = Release|x86
		{D969D2E9-8816-4BBB-AFEE-28ACA7FB23AC}.Release|x86.Build.0 = Release|x86
		{84D9D527-ED7F-4427-AB03-40E9E1ED1CA5}.64bit|Any CPU.ActiveCfg = Release|Any CPU
		{84D9D527-ED7F-4427-AB03-40E9E1ED1CA5}.64bit|Any CPU.Build.0 = Release|Any CPU
		{84D9D527-ED7F-4427-AB03-40E9E1ED1CA5}.64bit|Mixed Platforms.ActiveCfg = Release|Any CPU
		{84D9D527-ED7F-4427-AB03-40E9E1ED1CA5}.64bit|Mixed Platforms.Build.0 = Release|Any CPU
		{84D9D527-ED7F-4427-AB03-40E9E1ED1CA5}.64bit|x64.ActiveCfg = Release|Any CPU
		{84D9D527-ED7F-4427-AB03-40E9E1ED1CA5}.64bit|x86.ActiveCfg = Release|Any CPU
		{84D9D527-ED7F-4427-AB03-40E9E1ED1CA5}.Debug|Any CPU.ActiveCfg = Debug|Any CPU
		{84D9D527-ED7F-4427-AB03-40E9E1ED1CA5}.Debug|Any CPU.Build.0 = Debug|Any CPU
		{84D9D527-ED7F-4427-AB03-40E9E1ED1CA5}.Debug|Mixed Platforms.ActiveCfg = Debug|Any CPU
		{84D9D527-ED7F-4427-AB03-40E9E1ED1CA5}.Debug|Mixed Platforms.Build.0 = Debug|Any CPU
		{84D9D527-ED7F-4427-AB03-40E9E1ED1CA5}.Debug|x64.ActiveCfg = Debug|Any CPU
		{84D9D527-ED7F-4427-AB03-40E9E1ED1CA5}.Debug|x86.ActiveCfg = Debug|Any CPU
		{84D9D527-ED7F-4427-AB03-40E9E1ED1CA5}.Release|Any CPU.ActiveCfg = Release|Any CPU
		{84D9D527-ED7F-4427-AB03-40E9E1ED1CA5}.Release|Any CPU.Build.0 = Release|Any CPU
		{84D9D527-ED7F-4427-AB03-40E9E1ED1CA5}.Release|Mixed Platforms.ActiveCfg = Release|Any CPU
		{84D9D527-ED7F-4427-AB03-40E9E1ED1CA5}.Release|Mixed Platforms.Build.0 = Release|Any CPU
		{84D9D527-ED7F-4427-AB03-40E9E1ED1CA5}.Release|x64.ActiveCfg = Release|Any CPU
		{84D9D527-ED7F-4427-AB03-40E9E1ED1CA5}.Release|x86.ActiveCfg = Release|Any CPU
		{281E37D8-D127-4D8C-B81E-3E4DF801A43E}.64bit|Any CPU.ActiveCfg = Release|Any CPU
		{281E37D8-D127-4D8C-B81E-3E4DF801A43E}.64bit|Any CPU.Build.0 = Release|Any CPU
		{281E37D8-D127-4D8C-B81E-3E4DF801A43E}.64bit|Mixed Platforms.ActiveCfg = Release|Any CPU
		{281E37D8-D127-4D8C-B81E-3E4DF801A43E}.64bit|Mixed Platforms.Build.0 = Release|Any CPU
		{281E37D8-D127-4D8C-B81E-3E4DF801A43E}.64bit|x64.ActiveCfg = Release|Any CPU
		{281E37D8-D127-4D8C-B81E-3E4DF801A43E}.64bit|x86.ActiveCfg = Release|Any CPU
		{281E37D8-D127-4D8C-B81E-3E4DF801A43E}.Debug|Any CPU.ActiveCfg = Debug|Any CPU
		{281E37D8-D127-4D8C-B81E-3E4DF801A43E}.Debug|Any CPU.Build.0 = Debug|Any CPU
		{281E37D8-D127-4D8C-B81E-3E4DF801A43E}.Debug|Mixed Platforms.ActiveCfg = Debug|Any CPU
		{281E37D8-D127-4D8C-B81E-3E4DF801A43E}.Debug|Mixed Platforms.Build.0 = Debug|Any CPU
		{281E37D8-D127-4D8C-B81E-3E4DF801A43E}.Debug|x64.ActiveCfg = Debug|Any CPU
		{281E37D8-D127-4D8C-B81E-3E4DF801A43E}.Debug|x86.ActiveCfg = Debug|Any CPU
		{281E37D8-D127-4D8C-B81E-3E4DF801A43E}.Release|Any CPU.ActiveCfg = Release|Any CPU
		{281E37D8-D127-4D8C-B81E-3E4DF801A43E}.Release|Any CPU.Build.0 = Release|Any CPU
		{281E37D8-D127-4D8C-B81E-3E4DF801A43E}.Release|Mixed Platforms.ActiveCfg = Release|Any CPU
		{281E37D8-D127-4D8C-B81E-3E4DF801A43E}.Release|Mixed Platforms.Build.0 = Release|Any CPU
		{281E37D8-D127-4D8C-B81E-3E4DF801A43E}.Release|x64.ActiveCfg = Release|Any CPU
		{281E37D8-D127-4D8C-B81E-3E4DF801A43E}.Release|x86.ActiveCfg = Release|Any CPU
		{8F8D9C65-CCF0-4B77-9D6F-C2013B795643}.64bit|Any CPU.ActiveCfg = Release|Any CPU
		{8F8D9C65-CCF0-4B77-9D6F-C2013B795643}.64bit|Any CPU.Build.0 = Release|Any CPU
		{8F8D9C65-CCF0-4B77-9D6F-C2013B795643}.64bit|Mixed Platforms.ActiveCfg = Release|Any CPU
		{8F8D9C65-CCF0-4B77-9D6F-C2013B795643}.64bit|Mixed Platforms.Build.0 = Release|Any CPU
		{8F8D9C65-CCF0-4B77-9D6F-C2013B795643}.64bit|x64.ActiveCfg = Release|Any CPU
		{8F8D9C65-CCF0-4B77-9D6F-C2013B795643}.64bit|x86.ActiveCfg = Release|Any CPU
		{8F8D9C65-CCF0-4B77-9D6F-C2013B795643}.Debug|Any CPU.ActiveCfg = Debug|Any CPU
		{8F8D9C65-CCF0-4B77-9D6F-C2013B795643}.Debug|Any CPU.Build.0 = Debug|Any CPU
		{8F8D9C65-CCF0-4B77-9D6F-C2013B795643}.Debug|Mixed Platforms.ActiveCfg = Debug|Any CPU
		{8F8D9C65-CCF0-4B77-9D6F-C2013B795643}.Debug|Mixed Platforms.Build.0 = Debug|Any CPU
		{8F8D9C65-CCF0-4B77-9D6F-C2013B795643}.Debug|x64.ActiveCfg = Debug|Any CPU
		{8F8D9C65-CCF0-4B77-9D6F-C2013B795643}.Debug|x86.ActiveCfg = Debug|Any CPU
		{8F8D9C65-CCF0-4B77-9D6F-C2013B795643}.Release|Any CPU.ActiveCfg = Release|Any CPU
		{8F8D9C65-CCF0-4B77-9D6F-C2013B795643}.Release|Any CPU.Build.0 = Release|Any CPU
		{8F8D9C65-CCF0-4B77-9D6F-C2013B795643}.Release|Mixed Platforms.ActiveCfg = Release|Any CPU
		{8F8D9C65-CCF0-4B77-9D6F-C2013B795643}.Release|Mixed Platforms.Build.0 = Release|Any CPU
		{8F8D9C65-CCF0-4B77-9D6F-C2013B795643}.Release|x64.ActiveCfg = Release|Any CPU
		{8F8D9C65-CCF0-4B77-9D6F-C2013B795643}.Release|x86.ActiveCfg = Release|Any CPU
		{DDE56963-3CD9-474F-8111-1BCA5C60F74B}.64bit|Any CPU.ActiveCfg = Release|Any CPU
		{DDE56963-3CD9-474F-8111-1BCA5C60F74B}.64bit|Any CPU.Build.0 = Release|Any CPU
		{DDE56963-3CD9-474F-8111-1BCA5C60F74B}.64bit|Mixed Platforms.ActiveCfg = Release|Any CPU
		{DDE56963-3CD9-474F-8111-1BCA5C60F74B}.64bit|Mixed Platforms.Build.0 = Release|Any CPU
		{DDE56963-3CD9-474F-8111-1BCA5C60F74B}.64bit|x64.ActiveCfg = Release|Any CPU
		{DDE56963-3CD9-474F-8111-1BCA5C60F74B}.64bit|x86.ActiveCfg = Release|Any CPU
		{DDE56963-3CD9-474F-8111-1BCA5C60F74B}.Debug|Any CPU.ActiveCfg = Debug|Any CPU
		{DDE56963-3CD9-474F-8111-1BCA5C60F74B}.Debug|Any CPU.Build.0 = Debug|Any CPU
		{DDE56963-3CD9-474F-8111-1BCA5C60F74B}.Debug|Mixed Platforms.ActiveCfg = Debug|Any CPU
		{DDE56963-3CD9-474F-8111-1BCA5C60F74B}.Debug|Mixed Platforms.Build.0 = Debug|Any CPU
		{DDE56963-3CD9-474F-8111-1BCA5C60F74B}.Debug|x64.ActiveCfg = Debug|Any CPU
		{DDE56963-3CD9-474F-8111-1BCA5C60F74B}.Debug|x86.ActiveCfg = Debug|Any CPU
		{DDE56963-3CD9-474F-8111-1BCA5C60F74B}.Release|Any CPU.ActiveCfg = Release|Any CPU
		{DDE56963-3CD9-474F-8111-1BCA5C60F74B}.Release|Any CPU.Build.0 = Release|Any CPU
		{DDE56963-3CD9-474F-8111-1BCA5C60F74B}.Release|Mixed Platforms.ActiveCfg = Release|Any CPU
		{DDE56963-3CD9-474F-8111-1BCA5C60F74B}.Release|Mixed Platforms.Build.0 = Release|Any CPU
		{DDE56963-3CD9-474F-8111-1BCA5C60F74B}.Release|x64.ActiveCfg = Release|Any CPU
		{DDE56963-3CD9-474F-8111-1BCA5C60F74B}.Release|x86.ActiveCfg = Release|Any CPU
		{6429EB99-2446-4124-A922-9CAF8E562251}.64bit|Any CPU.ActiveCfg = Release|Any CPU
		{6429EB99-2446-4124-A922-9CAF8E562251}.64bit|Any CPU.Build.0 = Release|Any CPU
		{6429EB99-2446-4124-A922-9CAF8E562251}.64bit|Mixed Platforms.ActiveCfg = Release|Any CPU
		{6429EB99-2446-4124-A922-9CAF8E562251}.64bit|Mixed Platforms.Build.0 = Release|Any CPU
		{6429EB99-2446-4124-A922-9CAF8E562251}.64bit|x64.ActiveCfg = Release|Any CPU
		{6429EB99-2446-4124-A922-9CAF8E562251}.64bit|x86.ActiveCfg = Release|Any CPU
		{6429EB99-2446-4124-A922-9CAF8E562251}.Debug|Any CPU.ActiveCfg = Debug|Any CPU
		{6429EB99-2446-4124-A922-9CAF8E562251}.Debug|Any CPU.Build.0 = Debug|Any CPU
		{6429EB99-2446-4124-A922-9CAF8E562251}.Debug|Mixed Platforms.ActiveCfg = Debug|Any CPU
		{6429EB99-2446-4124-A922-9CAF8E562251}.Debug|Mixed Platforms.Build.0 = Debug|Any CPU
		{6429EB99-2446-4124-A922-9CAF8E562251}.Debug|x64.ActiveCfg = Debug|Any CPU
		{6429EB99-2446-4124-A922-9CAF8E562251}.Debug|x86.ActiveCfg = Debug|Any CPU
		{6429EB99-2446-4124-A922-9CAF8E562251}.Release|Any CPU.ActiveCfg = Release|Any CPU
		{6429EB99-2446-4124-A922-9CAF8E562251}.Release|Any CPU.Build.0 = Release|Any CPU
		{6429EB99-2446-4124-A922-9CAF8E562251}.Release|Mixed Platforms.ActiveCfg = Release|Any CPU
		{6429EB99-2446-4124-A922-9CAF8E562251}.Release|Mixed Platforms.Build.0 = Release|Any CPU
		{6429EB99-2446-4124-A922-9CAF8E562251}.Release|x64.ActiveCfg = Release|Any CPU
		{6429EB99-2446-4124-A922-9CAF8E562251}.Release|x86.ActiveCfg = Release|Any CPU
		{B4CD1292-C4D3-425E-A140-B129C0903BE8}.64bit|Any CPU.ActiveCfg = Release|Any CPU
		{B4CD1292-C4D3-425E-A140-B129C0903BE8}.64bit|Any CPU.Build.0 = Release|Any CPU
		{B4CD1292-C4D3-425E-A140-B129C0903BE8}.64bit|Mixed Platforms.ActiveCfg = Release|Any CPU
		{B4CD1292-C4D3-425E-A140-B129C0903BE8}.64bit|Mixed Platforms.Build.0 = Release|Any CPU
		{B4CD1292-C4D3-425E-A140-B129C0903BE8}.64bit|x64.ActiveCfg = Release|Any CPU
		{B4CD1292-C4D3-425E-A140-B129C0903BE8}.64bit|x86.ActiveCfg = Release|Any CPU
		{B4CD1292-C4D3-425E-A140-B129C0903BE8}.Debug|Any CPU.ActiveCfg = Debug|Any CPU
		{B4CD1292-C4D3-425E-A140-B129C0903BE8}.Debug|Any CPU.Build.0 = Debug|Any CPU
		{B4CD1292-C4D3-425E-A140-B129C0903BE8}.Debug|Mixed Platforms.ActiveCfg = Debug|Any CPU
		{B4CD1292-C4D3-425E-A140-B129C0903BE8}.Debug|Mixed Platforms.Build.0 = Debug|Any CPU
		{B4CD1292-C4D3-425E-A140-B129C0903BE8}.Debug|x64.ActiveCfg = Debug|Any CPU
		{B4CD1292-C4D3-425E-A140-B129C0903BE8}.Debug|x86.ActiveCfg = Debug|Any CPU
		{B4CD1292-C4D3-425E-A140-B129C0903BE8}.Release|Any CPU.ActiveCfg = Release|Any CPU
		{B4CD1292-C4D3-425E-A140-B129C0903BE8}.Release|Any CPU.Build.0 = Release|Any CPU
		{B4CD1292-C4D3-425E-A140-B129C0903BE8}.Release|Mixed Platforms.ActiveCfg = Release|Any CPU
		{B4CD1292-C4D3-425E-A140-B129C0903BE8}.Release|Mixed Platforms.Build.0 = Release|Any CPU
		{B4CD1292-C4D3-425E-A140-B129C0903BE8}.Release|x64.ActiveCfg = Release|Any CPU
		{B4CD1292-C4D3-425E-A140-B129C0903BE8}.Release|x86.ActiveCfg = Release|Any CPU
		{CA2CB982-5B58-4F6F-B367-C42B52012D67}.64bit|Any CPU.ActiveCfg = Release|Any CPU
		{CA2CB982-5B58-4F6F-B367-C42B52012D67}.64bit|Any CPU.Build.0 = Release|Any CPU
		{CA2CB982-5B58-4F6F-B367-C42B52012D67}.64bit|Mixed Platforms.ActiveCfg = Release|Any CPU
		{CA2CB982-5B58-4F6F-B367-C42B52012D67}.64bit|Mixed Platforms.Build.0 = Release|Any CPU
		{CA2CB982-5B58-4F6F-B367-C42B52012D67}.64bit|x64.ActiveCfg = Release|Any CPU
		{CA2CB982-5B58-4F6F-B367-C42B52012D67}.64bit|x86.ActiveCfg = Release|Any CPU
		{CA2CB982-5B58-4F6F-B367-C42B52012D67}.Debug|Any CPU.ActiveCfg = Debug|Any CPU
		{CA2CB982-5B58-4F6F-B367-C42B52012D67}.Debug|Any CPU.Build.0 = Debug|Any CPU
		{CA2CB982-5B58-4F6F-B367-C42B52012D67}.Debug|Mixed Platforms.ActiveCfg = Debug|Any CPU
		{CA2CB982-5B58-4F6F-B367-C42B52012D67}.Debug|Mixed Platforms.Build.0 = Debug|Any CPU
		{CA2CB982-5B58-4F6F-B367-C42B52012D67}.Debug|x64.ActiveCfg = Debug|Any CPU
		{CA2CB982-5B58-4F6F-B367-C42B52012D67}.Debug|x86.ActiveCfg = Debug|Any CPU
		{CA2CB982-5B58-4F6F-B367-C42B52012D67}.Release|Any CPU.ActiveCfg = Release|Any CPU
		{CA2CB982-5B58-4F6F-B367-C42B52012D67}.Release|Any CPU.Build.0 = Release|Any CPU
		{CA2CB982-5B58-4F6F-B367-C42B52012D67}.Release|Mixed Platforms.ActiveCfg = Release|Any CPU
		{CA2CB982-5B58-4F6F-B367-C42B52012D67}.Release|Mixed Platforms.Build.0 = Release|Any CPU
		{CA2CB982-5B58-4F6F-B367-C42B52012D67}.Release|x64.ActiveCfg = Release|Any CPU
		{CA2CB982-5B58-4F6F-B367-C42B52012D67}.Release|x86.ActiveCfg = Release|Any CPU
		{700250CA-076D-42AB-9B53-2D02796F337D}.64bit|Any CPU.ActiveCfg = Release|Any CPU
		{700250CA-076D-42AB-9B53-2D02796F337D}.64bit|Any CPU.Build.0 = Release|Any CPU
		{700250CA-076D-42AB-9B53-2D02796F337D}.64bit|Mixed Platforms.ActiveCfg = Release|Any CPU
		{700250CA-076D-42AB-9B53-2D02796F337D}.64bit|Mixed Platforms.Build.0 = Release|Any CPU
		{700250CA-076D-42AB-9B53-2D02796F337D}.64bit|x64.ActiveCfg = Release|Any CPU
		{700250CA-076D-42AB-9B53-2D02796F337D}.64bit|x86.ActiveCfg = Release|Any CPU
		{700250CA-076D-42AB-9B53-2D02796F337D}.Debug|Any CPU.ActiveCfg = Debug|Any CPU
		{700250CA-076D-42AB-9B53-2D02796F337D}.Debug|Any CPU.Build.0 = Debug|Any CPU
		{700250CA-076D-42AB-9B53-2D02796F337D}.Debug|Mixed Platforms.ActiveCfg = Debug|Any CPU
		{700250CA-076D-42AB-9B53-2D02796F337D}.Debug|Mixed Platforms.Build.0 = Debug|Any CPU
		{700250CA-076D-42AB-9B53-2D02796F337D}.Debug|x64.ActiveCfg = Debug|Any CPU
		{700250CA-076D-42AB-9B53-2D02796F337D}.Debug|x86.ActiveCfg = Debug|Any CPU
		{700250CA-076D-42AB-9B53-2D02796F337D}.Release|Any CPU.ActiveCfg = Release|Any CPU
		{700250CA-076D-42AB-9B53-2D02796F337D}.Release|Any CPU.Build.0 = Release|Any CPU
		{700250CA-076D-42AB-9B53-2D02796F337D}.Release|Mixed Platforms.ActiveCfg = Release|Any CPU
		{700250CA-076D-42AB-9B53-2D02796F337D}.Release|Mixed Platforms.Build.0 = Release|Any CPU
		{700250CA-076D-42AB-9B53-2D02796F337D}.Release|x64.ActiveCfg = Release|Any CPU
		{700250CA-076D-42AB-9B53-2D02796F337D}.Release|x86.ActiveCfg = Release|Any CPU
		{F32C21F4-9248-40C0-A364-FEC0F2E26171}.64bit|Any CPU.ActiveCfg = Release|Any CPU
		{F32C21F4-9248-40C0-A364-FEC0F2E26171}.64bit|Any CPU.Build.0 = Release|Any CPU
		{F32C21F4-9248-40C0-A364-FEC0F2E26171}.64bit|Mixed Platforms.ActiveCfg = Release|Any CPU
		{F32C21F4-9248-40C0-A364-FEC0F2E26171}.64bit|Mixed Platforms.Build.0 = Release|Any CPU
		{F32C21F4-9248-40C0-A364-FEC0F2E26171}.64bit|x64.ActiveCfg = Release|Any CPU
		{F32C21F4-9248-40C0-A364-FEC0F2E26171}.64bit|x86.ActiveCfg = Release|Any CPU
		{F32C21F4-9248-40C0-A364-FEC0F2E26171}.Debug|Any CPU.ActiveCfg = Debug|Any CPU
		{F32C21F4-9248-40C0-A364-FEC0F2E26171}.Debug|Any CPU.Build.0 = Debug|Any CPU
		{F32C21F4-9248-40C0-A364-FEC0F2E26171}.Debug|Mixed Platforms.ActiveCfg = Debug|Any CPU
		{F32C21F4-9248-40C0-A364-FEC0F2E26171}.Debug|Mixed Platforms.Build.0 = Debug|Any CPU
		{F32C21F4-9248-40C0-A364-FEC0F2E26171}.Debug|x64.ActiveCfg = Debug|Any CPU
		{F32C21F4-9248-40C0-A364-FEC0F2E26171}.Debug|x86.ActiveCfg = Debug|Any CPU
		{F32C21F4-9248-40C0-A364-FEC0F2E26171}.Release|Any CPU.ActiveCfg = Release|Any CPU
		{F32C21F4-9248-40C0-A364-FEC0F2E26171}.Release|Any CPU.Build.0 = Release|Any CPU
		{F32C21F4-9248-40C0-A364-FEC0F2E26171}.Release|Mixed Platforms.ActiveCfg = Release|Any CPU
		{F32C21F4-9248-40C0-A364-FEC0F2E26171}.Release|Mixed Platforms.Build.0 = Release|Any CPU
		{F32C21F4-9248-40C0-A364-FEC0F2E26171}.Release|x64.ActiveCfg = Release|Any CPU
		{F32C21F4-9248-40C0-A364-FEC0F2E26171}.Release|x86.ActiveCfg = Release|Any CPU
		{E6AFE360-6FC1-4994-9DEF-195569D133AC}.64bit|Any CPU.ActiveCfg = Release|Any CPU
		{E6AFE360-6FC1-4994-9DEF-195569D133AC}.64bit|Any CPU.Build.0 = Release|Any CPU
		{E6AFE360-6FC1-4994-9DEF-195569D133AC}.64bit|Mixed Platforms.ActiveCfg = Release|Any CPU
		{E6AFE360-6FC1-4994-9DEF-195569D133AC}.64bit|Mixed Platforms.Build.0 = Release|Any CPU
		{E6AFE360-6FC1-4994-9DEF-195569D133AC}.64bit|x64.ActiveCfg = Release|Any CPU
		{E6AFE360-6FC1-4994-9DEF-195569D133AC}.64bit|x86.ActiveCfg = Release|Any CPU
		{E6AFE360-6FC1-4994-9DEF-195569D133AC}.Debug|Any CPU.ActiveCfg = Debug|Any CPU
		{E6AFE360-6FC1-4994-9DEF-195569D133AC}.Debug|Any CPU.Build.0 = Debug|Any CPU
		{E6AFE360-6FC1-4994-9DEF-195569D133AC}.Debug|Mixed Platforms.ActiveCfg = Debug|Any CPU
		{E6AFE360-6FC1-4994-9DEF-195569D133AC}.Debug|Mixed Platforms.Build.0 = Debug|Any CPU
		{E6AFE360-6FC1-4994-9DEF-195569D133AC}.Debug|x64.ActiveCfg = Debug|Any CPU
		{E6AFE360-6FC1-4994-9DEF-195569D133AC}.Debug|x86.ActiveCfg = Debug|Any CPU
		{E6AFE360-6FC1-4994-9DEF-195569D133AC}.Release|Any CPU.ActiveCfg = Release|Any CPU
		{E6AFE360-6FC1-4994-9DEF-195569D133AC}.Release|Any CPU.Build.0 = Release|Any CPU
		{E6AFE360-6FC1-4994-9DEF-195569D133AC}.Release|Mixed Platforms.ActiveCfg = Release|Any CPU
		{E6AFE360-6FC1-4994-9DEF-195569D133AC}.Release|Mixed Platforms.Build.0 = Release|Any CPU
		{E6AFE360-6FC1-4994-9DEF-195569D133AC}.Release|x64.ActiveCfg = Release|Any CPU
		{E6AFE360-6FC1-4994-9DEF-195569D133AC}.Release|x86.ActiveCfg = Release|Any CPU
		{5B5F0840-F50E-46F3-B986-FD2694C5D979}.64bit|Any CPU.ActiveCfg = Release|Any CPU
		{5B5F0840-F50E-46F3-B986-FD2694C5D979}.64bit|Any CPU.Build.0 = Release|Any CPU
		{5B5F0840-F50E-46F3-B986-FD2694C5D979}.64bit|Mixed Platforms.ActiveCfg = Release|Any CPU
		{5B5F0840-F50E-46F3-B986-FD2694C5D979}.64bit|Mixed Platforms.Build.0 = Release|Any CPU
		{5B5F0840-F50E-46F3-B986-FD2694C5D979}.64bit|x64.ActiveCfg = Release|Any CPU
		{5B5F0840-F50E-46F3-B986-FD2694C5D979}.64bit|x86.ActiveCfg = Release|Any CPU
		{5B5F0840-F50E-46F3-B986-FD2694C5D979}.Debug|Any CPU.ActiveCfg = Debug|Any CPU
		{5B5F0840-F50E-46F3-B986-FD2694C5D979}.Debug|Any CPU.Build.0 = Debug|Any CPU
		{5B5F0840-F50E-46F3-B986-FD2694C5D979}.Debug|Mixed Platforms.ActiveCfg = Debug|Any CPU
		{5B5F0840-F50E-46F3-B986-FD2694C5D979}.Debug|Mixed Platforms.Build.0 = Debug|Any CPU
		{5B5F0840-F50E-46F3-B986-FD2694C5D979}.Debug|x64.ActiveCfg = Debug|Any CPU
		{5B5F0840-F50E-46F3-B986-FD2694C5D979}.Debug|x86.ActiveCfg = Debug|Any CPU
		{5B5F0840-F50E-46F3-B986-FD2694C5D979}.Release|Any CPU.ActiveCfg = Release|Any CPU
		{5B5F0840-F50E-46F3-B986-FD2694C5D979}.Release|Any CPU.Build.0 = Release|Any CPU
		{5B5F0840-F50E-46F3-B986-FD2694C5D979}.Release|Mixed Platforms.ActiveCfg = Release|Any CPU
		{5B5F0840-F50E-46F3-B986-FD2694C5D979}.Release|Mixed Platforms.Build.0 = Release|Any CPU
		{5B5F0840-F50E-46F3-B986-FD2694C5D979}.Release|x64.ActiveCfg = Release|Any CPU
		{5B5F0840-F50E-46F3-B986-FD2694C5D979}.Release|x86.ActiveCfg = Release|Any CPU
	EndGlobalSection
	GlobalSection(SolutionProperties) = preSolution
		HideSolutionNode = FALSE
	EndGlobalSection
EndGlobal
